PODS:
  - Capacitor (5.0.5):
    - CapacitorCordova
  - CapacitorCordova (5.0.5)
  - CapacitorSplashScreen (5.0.4):
    - Capacitor

DEPENDENCIES:
  - "Capacitor (from `../../node_modules/@capacitor/ios`)"
  - "CapacitorCordova (from `../../node_modules/@capacitor/ios`)"
  - "CapacitorSplashScreen (from `../../node_modules/@capacitor/splash-screen`)"

EXTERNAL SOURCES:
  Capacitor:
    :path: "../../node_modules/@capacitor/ios"
  CapacitorCordova:
    :path: "../../node_modules/@capacitor/ios"
  CapacitorSplashScreen:
    :path: "../../node_modules/@capacitor/splash-screen"

SPEC CHECKSUMS:
  Capacitor: b1248915663add1bd6567e2b67c1c1fa3abcf5e8
  CapacitorCordova: f8c06b897c74ee8f7701fe10e6443b40822bc83a
  CapacitorSplashScreen: 93a389d4f7673c08214ae25bb6f21d867d5305c5

PODFILE CHECKSUM: d641883bb20843cf484024fa8ccc257a419b4040

COCOAPODS: 1.12.1
